{
  "name": "@wistudent/release-please-demo-workspace",
  "version": "1.1.1",
  "lockfileVersion": 3,
  "requires": true,
  "packages": {
    "": {
      "name": "@wistudent/release-please-demo-workspace",
      "version": "1.1.1",
      "license": "ISC",
      "workspaces": [
        "packages/a",
        "packages/b"
      ]
    },
    "node_modules/@wistudent/release-please-demo-workspace-a": {
      "resolved": "packages/a",
      "link": true
    },
    "node_modules/@wistudent/release-please-demo-workspace-b": {
      "resolved": "packages/b",
      "link": true
    },
    "node_modules/semver": {
      "version": "7.7.1",
      "resolved": "https://registry.npmjs.org/semver/-/semver-7.7.1.tgz",
      "integrity": "sha512-hlq8tAfn0m/61p4BVRcPzIGr6LKiMwo4VM6dGi6pt4qcRkmNzTcWq6eCEjEh+qXjkMDvPlOFFSGwQjoEa6gyMA==",
      "license": "ISC",
      "bin": {
        "semver": "bin/semver.js"
      },
      "engines": {
        "node": ">=10"
      }
    },
    "packages/a": {
      "name": "@wistudent/release-please-demo-workspace-a",
      "version": "1.0.0",
      "license": "ISC",
      "dependencies": {
        "@wistudent/release-please-demo-workspace-b": "^1.0.0"
      }
    },
    "packages/b": {
      "name": "@wistudent/release-please-demo-workspace-b",
      "version": "1.0.0",
      "license": "ISC",
      "dependencies": {
        "semver": "^7.7.1"
      }
    }
  }
}
